
Microsoft Visual Studio Solution File, Format Version 12.00
# Visual Studio 2013
VisualStudioVersion = 12.0.30723.0
MinimumVisualStudioVersion = 10.0.40219.1
Project("{FAE04EC0-301F-11D3-BF4B-00C04F79EFBC}") = "D-Ezreal", "D-Ezreal\D-Ezreal.csproj", "{52AA620D-10DE-4CA0-8830-4A14B800DBED}"
EndProject
Project("{FAE04EC0-301F-11D3-BF4B-00C04F79EFBC}") = "D-Elise", "D-Elise\D-Elise.csproj", "{95540618-CE2A-4928-BDBD-44B836596297}"
EndProject
Project("{FAE04EC0-301F-11D3-BF4B-00C04F79EFBC}") = "D_Nidalee", "D_Nidalee\D_Nidalee.csproj", "{F0B83009-0690-4427-A04B-41C52984B7AA}"
EndProject
Project("{FAE04EC0-301F-11D3-BF4B-00C04F79EFBC}") = "D_Kogmaw", "D_Kogmaw\D_Kogmaw.csproj", "{539F08C1-D35F-4861-B011-2AE60063D5DB}"
EndProject
Project("{FAE04EC0-301F-11D3-BF4B-00C04F79EFBC}") = "D_Jarvan", "D_Jarvan\D_Jarvan.csproj", "{5D1016CB-93A6-4F4D-A3A2-419A7A2058D7}"
EndProject
Project("{FAE04EC0-301F-11D3-BF4B-00C04F79EFBC}") = "D_Udyr", "D_Udyr\D_Udyr.csproj", "{7E7CE351-8CD1-4FB2-AD49-609DAA2B4A43}"
EndProject
Project("{FAE04EC0-301F-11D3-BF4B-00C04F79EFBC}") = "D_Diana", "D_Diana\D_Diana.csproj", "{5F6B671D-A961-4910-856E-59CAF9B65D4B}"
EndProject
Project("{FAE04EC0-301F-11D3-BF4B-00C04F79EFBC}") = "D_Shyvana", "D_Shyvana\D_Shyvana.csproj", "{66F59C13-EA0A-4D8D-9B9A-2F9141AEF4DD}"
EndProject
Project("{FAE04EC0-301F-11D3-BF4B-00C04F79EFBC}") = "D_Kayle", "D_Kayle\D_Kayle.csproj", "{534215D4-415A-4BE9-8FB7-3044C6A819C2}"
EndProject
Project("{FAE04EC0-301F-11D3-BF4B-00C04F79EFBC}") = "D_Corki", "D_Corki\D_Corki.csproj", "{29B96988-DB37-4820-AF2A-69A173EDBFB9}"
EndProject
Project("{FAE04EC0-301F-11D3-BF4B-00C04F79EFBC}") = "D_Graves", "D_Graves\D_Graves.csproj", "{C81E6863-642C-4CAB-98CF-8572A0F0C994}"
EndProject
Project("{FAE04EC0-301F-11D3-BF4B-00C04F79EFBC}") = "D_Zyra", "D_Zyra\D_Zyra.csproj", "{8150E115-726E-43F7-9C65-CAFBE7897DA1}"
EndProject
Project("{FAE04EC0-301F-11D3-BF4B-00C04F79EFBC}") = "Sivir_is_Back", "Sivir_is_Back\Sivir_is_Back.csproj", "{8BCEB9B2-8D7D-4EBE-ABD3-52B1E4CCB760}"
EndProject
Project("{FAE04EC0-301F-11D3-BF4B-00C04F79EFBC}") = "D_RekSai", "D_RekSai\D_RekSai.csproj", "{4EE37ECB-D1B8-45E8-AD92-4368EBBD905A}"
EndProject
Project("{FAE04EC0-301F-11D3-BF4B-00C04F79EFBC}") = "Orianna_by_trelli", "Oriana_by_trelli\Orianna_by_trelli.csproj", "{D8B1D84E-D8D9-439F-933D-393E2F2B136D}"
EndProject
Project("{FAE04EC0-301F-11D3-BF4B-00C04F79EFBC}") = "Debug", "Debug\Debug.csproj", "{A0145921-506D-458C-BFD5-FE1C99E0169C}"
EndProject
Project("{FAE04EC0-301F-11D3-BF4B-00C04F79EFBC}") = "D_Rengar", "D_Rengar\D_Rengar.csproj", "{E278539B-FB9E-427B-BD60-C8B6D50991DF}"
EndProject
Project("{FAE04EC0-301F-11D3-BF4B-00C04F79EFBC}") = "D_Thresh", "D_Thresh\D_Thresh.csproj", "{656317E9-02E1-42D4-A9C4-6FFC88AEC56B}"
EndProject
Global
	GlobalSection(SolutionConfigurationPlatforms) = preSolution
		Debug|Any CPU = Debug|Any CPU
		Release|Any CPU = Release|Any CPU
	EndGlobalSection
	GlobalSection(ProjectConfigurationPlatforms) = postSolution
		{52AA620D-10DE-4CA0-8830-4A14B800DBED}.Debug|Any CPU.ActiveCfg = Debug|Any CPU
		{52AA620D-10DE-4CA0-8830-4A14B800DBED}.Debug|Any CPU.Build.0 = Debug|Any CPU
		{52AA620D-10DE-4CA0-8830-4A14B800DBED}.Release|Any CPU.ActiveCfg = Release|Any CPU
		{52AA620D-10DE-4CA0-8830-4A14B800DBED}.Release|Any CPU.Build.0 = Release|Any CPU
		{95540618-CE2A-4928-BDBD-44B836596297}.Debug|Any CPU.ActiveCfg = Debug|Any CPU
		{95540618-CE2A-4928-BDBD-44B836596297}.Debug|Any CPU.Build.0 = Debug|Any CPU
		{95540618-CE2A-4928-BDBD-44B836596297}.Release|Any CPU.ActiveCfg = Release|Any CPU
		{95540618-CE2A-4928-BDBD-44B836596297}.Release|Any CPU.Build.0 = Release|Any CPU
		{F0B83009-0690-4427-A04B-41C52984B7AA}.Debug|Any CPU.ActiveCfg = Debug|Any CPU
		{F0B83009-0690-4427-A04B-41C52984B7AA}.Debug|Any CPU.Build.0 = Debug|Any CPU
		{F0B83009-0690-4427-A04B-41C52984B7AA}.Release|Any CPU.ActiveCfg = Release|Any CPU
		{F0B83009-0690-4427-A04B-41C52984B7AA}.Release|Any CPU.Build.0 = Release|Any CPU
		{539F08C1-D35F-4861-B011-2AE60063D5DB}.Debug|Any CPU.ActiveCfg = Debug|Any CPU
		{539F08C1-D35F-4861-B011-2AE60063D5DB}.Debug|Any CPU.Build.0 = Debug|Any CPU
		{539F08C1-D35F-4861-B011-2AE60063D5DB}.Release|Any CPU.ActiveCfg = Release|Any CPU
		{539F08C1-D35F-4861-B011-2AE60063D5DB}.Release|Any CPU.Build.0 = Release|Any CPU
		{5D1016CB-93A6-4F4D-A3A2-419A7A2058D7}.Debug|Any CPU.ActiveCfg = Debug|Any CPU
		{5D1016CB-93A6-4F4D-A3A2-419A7A2058D7}.Debug|Any CPU.Build.0 = Debug|Any CPU
		{5D1016CB-93A6-4F4D-A3A2-419A7A2058D7}.Release|Any CPU.ActiveCfg = Release|Any CPU
		{5D1016CB-93A6-4F4D-A3A2-419A7A2058D7}.Release|Any CPU.Build.0 = Release|Any CPU
		{7E7CE351-8CD1-4FB2-AD49-609DAA2B4A43}.Debug|Any CPU.ActiveCfg = Debug|Any CPU
		{7E7CE351-8CD1-4FB2-AD49-609DAA2B4A43}.Debug|Any CPU.Build.0 = Debug|Any CPU
		{7E7CE351-8CD1-4FB2-AD49-609DAA2B4A43}.Release|Any CPU.ActiveCfg = Release|Any CPU
		{7E7CE351-8CD1-4FB2-AD49-609DAA2B4A43}.Release|Any CPU.Build.0 = Release|Any CPU
		{5F6B671D-A961-4910-856E-59CAF9B65D4B}.Debug|Any CPU.ActiveCfg = Debug|Any CPU
		{5F6B671D-A961-4910-856E-59CAF9B65D4B}.Debug|Any CPU.Build.0 = Debug|Any CPU
		{5F6B671D-A961-4910-856E-59CAF9B65D4B}.Release|Any CPU.ActiveCfg = Release|Any CPU
		{5F6B671D-A961-4910-856E-59CAF9B65D4B}.Release|Any CPU.Build.0 = Release|Any CPU
		{66F59C13-EA0A-4D8D-9B9A-2F9141AEF4DD}.Debug|Any CPU.ActiveCfg = Debug|Any CPU
		{66F59C13-EA0A-4D8D-9B9A-2F9141AEF4DD}.Debug|Any CPU.Build.0 = Debug|Any CPU
		{66F59C13-EA0A-4D8D-9B9A-2F9141AEF4DD}.Release|Any CPU.ActiveCfg = Release|Any CPU
		{66F59C13-EA0A-4D8D-9B9A-2F9141AEF4DD}.Release|Any CPU.Build.0 = Release|Any CPU
		{534215D4-415A-4BE9-8FB7-3044C6A819C2}.Debug|Any CPU.ActiveCfg = Debug|Any CPU
		{534215D4-415A-4BE9-8FB7-3044C6A819C2}.Debug|Any CPU.Build.0 = Debug|Any CPU
		{534215D4-415A-4BE9-8FB7-3044C6A819C2}.Release|Any CPU.ActiveCfg = Release|Any CPU
		{534215D4-415A-4BE9-8FB7-3044C6A819C2}.Release|Any CPU.Build.0 = Release|Any CPU
		{29B96988-DB37-4820-AF2A-69A173EDBFB9}.Debug|Any CPU.ActiveCfg = Debug|Any CPU
		{29B96988-DB37-4820-AF2A-69A173EDBFB9}.Debug|Any CPU.Build.0 = Debug|Any CPU
		{29B96988-DB37-4820-AF2A-69A173EDBFB9}.Release|Any CPU.ActiveCfg = Release|Any CPU
		{29B96988-DB37-4820-AF2A-69A173EDBFB9}.Release|Any CPU.Build.0 = Release|Any CPU
		{C81E6863-642C-4CAB-98CF-8572A0F0C994}.Debug|Any CPU.ActiveCfg = Debug|Any CPU
		{C81E6863-642C-4CAB-98CF-8572A0F0C994}.Debug|Any CPU.Build.0 = Debug|Any CPU
		{C81E6863-642C-4CAB-98CF-8572A0F0C994}.Release|Any CPU.ActiveCfg = Release|Any CPU
		{C81E6863-642C-4CAB-98CF-8572A0F0C994}.Release|Any CPU.Build.0 = Release|Any CPU
		{8150E115-726E-43F7-9C65-CAFBE7897DA1}.Debug|Any CPU.ActiveCfg = Debug|Any CPU
		{8150E115-726E-43F7-9C65-CAFBE7897DA1}.Debug|Any CPU.Build.0 = Debug|Any CPU
		{8150E115-726E-43F7-9C65-CAFBE7897DA1}.Release|Any CPU.ActiveCfg = Release|Any CPU
		{8150E115-726E-43F7-9C65-CAFBE7897DA1}.Release|Any CPU.Build.0 = Release|Any CPU
		{8BCEB9B2-8D7D-4EBE-ABD3-52B1E4CCB760}.Debug|Any CPU.ActiveCfg = Debug|Any CPU
		{8BCEB9B2-8D7D-4EBE-ABD3-52B1E4CCB760}.Debug|Any CPU.Build.0 = Debug|Any CPU
		{8BCEB9B2-8D7D-4EBE-ABD3-52B1E4CCB760}.Release|Any CPU.ActiveCfg = Release|Any CPU
		{8BCEB9B2-8D7D-4EBE-ABD3-52B1E4CCB760}.Release|Any CPU.Build.0 = Release|Any CPU
		{4EE37ECB-D1B8-45E8-AD92-4368EBBD905A}.Debug|Any CPU.ActiveCfg = Debug|Any CPU
		{4EE37ECB-D1B8-45E8-AD92-4368EBBD905A}.Debug|Any CPU.Build.0 = Debug|Any CPU
		{4EE37ECB-D1B8-45E8-AD92-4368EBBD905A}.Release|Any CPU.ActiveCfg = Release|Any CPU
		{4EE37ECB-D1B8-45E8-AD92-4368EBBD905A}.Release|Any CPU.Build.0 = Release|Any CPU
		{D8B1D84E-D8D9-439F-933D-393E2F2B136D}.Debug|Any CPU.ActiveCfg = Debug|Any CPU
		{D8B1D84E-D8D9-439F-933D-393E2F2B136D}.Debug|Any CPU.Build.0 = Debug|Any CPU
		{D8B1D84E-D8D9-439F-933D-393E2F2B136D}.Release|Any CPU.ActiveCfg = Release|Any CPU
		{D8B1D84E-D8D9-439F-933D-393E2F2B136D}.Release|Any CPU.Build.0 = Release|Any CPU
		{A0145921-506D-458C-BFD5-FE1C99E0169C}.Debug|Any CPU.ActiveCfg = Debug|Any CPU
		{A0145921-506D-458C-BFD5-FE1C99E0169C}.Debug|Any CPU.Build.0 = Debug|Any CPU
		{A0145921-506D-458C-BFD5-FE1C99E0169C}.Release|Any CPU.ActiveCfg = Release|Any CPU
		{A0145921-506D-458C-BFD5-FE1C99E0169C}.Release|Any CPU.Build.0 = Release|Any CPU
		{E278539B-FB9E-427B-BD60-C8B6D50991DF}.Debug|Any CPU.ActiveCfg = Debug|Any CPU
		{E278539B-FB9E-427B-BD60-C8B6D50991DF}.Debug|Any CPU.Build.0 = Debug|Any CPU
		{E278539B-FB9E-427B-BD60-C8B6D50991DF}.Release|Any CPU.ActiveCfg = Release|Any CPU
		{E278539B-FB9E-427B-BD60-C8B6D50991DF}.Release|Any CPU.Build.0 = Release|Any CPU
		{656317E9-02E1-42D4-A9C4-6FFC88AEC56B}.Debug|Any CPU.ActiveCfg = Debug|Any CPU
		{656317E9-02E1-42D4-A9C4-6FFC88AEC56B}.Debug|Any CPU.Build.0 = Debug|Any CPU
		{656317E9-02E1-42D4-A9C4-6FFC88AEC56B}.Release|Any CPU.ActiveCfg = Release|Any CPU
		{656317E9-02E1-42D4-A9C4-6FFC88AEC56B}.Release|Any CPU.Build.0 = Release|Any CPU
	EndGlobalSection
	GlobalSection(SolutionProperties) = preSolution
		HideSolutionNode = FALSE
	EndGlobalSection
EndGlobal
